
Microsoft Visual Studio Solution File, Format Version 12.00
# Visual Studio Version 17
VisualStudioVersion = 17.14.36221.1
MinimumVisualStudioVersion = 10.0.40219.1
Project("{FAE04EC0-301F-11D3-BF4B-00C04F79EFBC}") = "OrderService.API", "OrderService.API\OrderService.API.csproj", "{83B1646D-B034-46F2-8CAF-3B1A93CC84F6}"
EndProject
Project("{FAE04EC0-301F-11D3-BF4B-00C04F79EFBC}") = "OrderService.Domain", "OrderService.Domain\OrderService.Domain.csproj", "{9A172166-80F7-45D4-9650-5590163F8D86}"
EndProject
Project("{FAE04EC0-301F-11D3-BF4B-00C04F79EFBC}") = "OrderService.Persistence", "OrderService.Persistence\OrderService.Persistence.csproj", "{619C6B0D-B871-4410-9494-32BC3EB592FD}"
EndProject
Project("{FAE04EC0-301F-11D3-BF4B-00C04F79EFBC}") = "OrderService.Business", "OrderService.Business\OrderService.Business.csproj", "{DDD75E3C-DB65-4DB5-AC97-5FB3D48DF86E}"
EndProject
Project("{FAE04EC0-301F-11D3-BF4B-00C04F79EFBC}") = "OrderService.Tests", "OrderService.Tests\OrderService.Tests.csproj", "{7BB7D20E-A4E5-4E45-9BAD-35EBE62F23BC}"
EndProject
Global
	GlobalSection(SolutionConfigurationPlatforms) = preSolution
		Debug|Any CPU = Debug|Any CPU
		Release|Any CPU = Release|Any CPU
	EndGlobalSection
	GlobalSection(ProjectConfigurationPlatforms) = postSolution
		{83B1646D-B034-46F2-8CAF-3B1A93CC84F6}.Debug|Any CPU.ActiveCfg = Debug|Any CPU
		{83B1646D-B034-46F2-8CAF-3B1A93CC84F6}.Debug|Any CPU.Build.0 = Debug|Any CPU
		{83B1646D-B034-46F2-8CAF-3B1A93CC84F6}.Release|Any CPU.ActiveCfg = Release|Any CPU
		{83B1646D-B034-46F2-8CAF-3B1A93CC84F6}.Release|Any CPU.Build.0 = Release|Any CPU
		{9A172166-80F7-45D4-9650-5590163F8D86}.Debug|Any CPU.ActiveCfg = Debug|Any CPU
		{9A172166-80F7-45D4-9650-5590163F8D86}.Debug|Any CPU.Build.0 = Debug|Any CPU
		{9A172166-80F7-45D4-9650-5590163F8D86}.Release|Any CPU.ActiveCfg = Release|Any CPU
		{9A172166-80F7-45D4-9650-5590163F8D86}.Release|Any CPU.Build.0 = Release|Any CPU
		{619C6B0D-B871-4410-9494-32BC3EB592FD}.Debug|Any CPU.ActiveCfg = Debug|Any CPU
		{619C6B0D-B871-4410-9494-32BC3EB592FD}.Debug|Any CPU.Build.0 = Debug|Any CPU
		{619C6B0D-B871-4410-9494-32BC3EB592FD}.Release|Any CPU.ActiveCfg = Release|Any CPU
		{619C6B0D-B871-4410-9494-32BC3EB592FD}.Release|Any CPU.Build.0 = Release|Any CPU
		{DDD75E3C-DB65-4DB5-AC97-5FB3D48DF86E}.Debug|Any CPU.ActiveCfg = Debug|Any CPU
		{DDD75E3C-DB65-4DB5-AC97-5FB3D48DF86E}.Debug|Any CPU.Build.0 = Debug|Any CPU
		{DDD75E3C-DB65-4DB5-AC97-5FB3D48DF86E}.Release|Any CPU.ActiveCfg = Release|Any CPU
		{DDD75E3C-DB65-4DB5-AC97-5FB3D48DF86E}.Release|Any CPU.Build.0 = Release|Any CPU
		{7BB7D20E-A4E5-4E45-9BAD-35EBE62F23BC}.Debug|Any CPU.ActiveCfg = Debug|Any CPU
		{7BB7D20E-A4E5-4E45-9BAD-35EBE62F23BC}.Debug|Any CPU.Build.0 = Debug|Any CPU
		{7BB7D20E-A4E5-4E45-9BAD-35EBE62F23BC}.Release|Any CPU.ActiveCfg = Release|Any CPU
		{7BB7D20E-A4E5-4E45-9BAD-35EBE62F23BC}.Release|Any CPU.Build.0 = Release|Any CPU
	EndGlobalSection
	GlobalSection(SolutionProperties) = preSolution
		HideSolutionNode = FALSE
	EndGlobalSection
	GlobalSection(ExtensibilityGlobals) = postSolution
		SolutionGuid = {4B5E0FB2-CB00-4409-BA9F-1946CD538F62}
	EndGlobalSection
EndGlobal
